// !$*UTF8*$!
{
	archiveVersion = 1;
	classes = {
	};
	objectVersion = 46;
	objects = {

/* Begin PBXBuildFile section */
		582356FE1CC7784B00964B22 /* TimeTable.cpp in Sources */ = {isa = PBXBuildFile; fileRef = 582356FB1CC7784B00964B22 /* TimeTable.cpp */; };
		5835F1391CC0D26A000D3B93 /* People.cpp in Sources */ = {isa = PBXBuildFile; fileRef = 5835F1371CC0D26A000D3B93 /* People.cpp */; };
		58735F661CBA534100D34642 /* main.cpp in Sources */ = {isa = PBXBuildFile; fileRef = 58735F651CBA534100D34642 /* main.cpp */; };
		58DB5B891CBA5A3F00DB005A /* TrafficNet.cpp in Sources */ = {isa = PBXBuildFile; fileRef = 58DB5B871CBA5A3F00DB005A /* TrafficNet.cpp */; };
/* End PBXBuildFile section */

/* Begin PBXCopyFilesBuildPhase section */
		58735F601CBA534100D34642 /* CopyFiles */ = {
			isa = PBXCopyFilesBuildPhase;
			buildActionMask = 2147483647;
			dstPath = /usr/share/man/man1/;
			dstSubfolderSpec = 0;
			files = (
			);
			runOnlyForDeploymentPostprocessing = 1;
		};
/* End PBXCopyFilesBuildPhase section */

/* Begin PBXFileReference section */
		582356FA1CC7784B00964B22 /* People.h */ = {isa = PBXFileReference; fileEncoding = 4; lastKnownFileType = sourcecode.c.h; path = People.h; sourceTree = "<group>"; };
		582356FB1CC7784B00964B22 /* TimeTable.cpp */ = {isa = PBXFileReference; fileEncoding = 4; lastKnownFileType = sourcecode.cpp.cpp; path = TimeTable.cpp; sourceTree = "<group>"; };
		582356FC1CC7784B00964B22 /* TimeTable.h */ = {isa = PBXFileReference; fileEncoding = 4; lastKnownFileType = sourcecode.c.h; path = TimeTable.h; sourceTree = "<group>"; };
		582356FD1CC7784B00964B22 /* TrafficNet.h */ = {isa = PBXFileReference; fileEncoding = 4; lastKnownFileType = sourcecode.c.h; path = TrafficNet.h; sourceTree = "<group>"; };
		5835F1371CC0D26A000D3B93 /* People.cpp */ = {isa = PBXFileReference; fileEncoding = 4; lastKnownFileType = sourcecode.cpp.cpp; path = People.cpp; sourceTree = "<group>"; };
		58735F621CBA534100D34642 /* Travel-Simulation-System I */ = {isa = PBXFileReference; explicitFileType = "compiled.mach-o.executable"; includeInIndex = 0; path = "Travel-Simulation-System I"; sourceTree = BUILT_PRODUCTS_DIR; };
		58735F651CBA534100D34642 /* main.cpp */ = {isa = PBXFileReference; fileEncoding = 4; lastKnownFileType = sourcecode.cpp.cpp; path = main.cpp; sourceTree = "<group>"; };
		58DB5B871CBA5A3F00DB005A /* TrafficNet.cpp */ = {isa = PBXFileReference; fileEncoding = 4; lastKnownFileType = sourcecode.cpp.cpp; path = TrafficNet.cpp; sourceTree = "<group>"; };
/* End PBXFileReference section */

/* Begin PBXFrameworksBuildPhase section */
		58735F5F1CBA534100D34642 /* Frameworks */ = {
			isa = PBXFrameworksBuildPhase;
			buildActionMask = 2147483647;
			files = (
			);
			runOnlyForDeploymentPostprocessing = 0;
		};
/* End PBXFrameworksBuildPhase section */

/* Begin PBXGroup section */
		58735F591CBA534100D34642 = {
			isa = PBXGroup;
			children = (
				58735F641CBA534100D34642 /* Travel-Simulation-System */,
				58735F631CBA534100D34642 /* Products */,
			);
			sourceTree = "<group>";
		};
		58735F631CBA534100D34642 /* Products */ = {
			isa = PBXGroup;
			children = (
				58735F621CBA534100D34642 /* Travel-Simulation-System I */,
			);
			name = Products;
			sourceTree = "<group>";
		};
		58735F641CBA534100D34642 /* Travel-Simulation-System */ = {
			isa = PBXGroup;
			children = (
				582356FA1CC7784B00964B22 /* People.h */,
				582356FB1CC7784B00964B22 /* TimeTable.cpp */,
				582356FC1CC7784B00964B22 /* TimeTable.h */,
				582356FD1CC7784B00964B22 /* TrafficNet.h */,
				58735F651CBA534100D34642 /* main.cpp */,
				5835F1371CC0D26A000D3B93 /* People.cpp */,
				58DB5B871CBA5A3F00DB005A /* TrafficNet.cpp */,
			);
			name = "Travel-Simulation-System";
			path = Code;
			sourceTree = "<group>";
		};
/* End PBXGroup section */

/* Begin PBXNativeTarget section */
		58735F611CBA534100D34642 /* Travel-Simulation-System I */ = {
			isa = PBXNativeTarget;
			buildConfigurationList = 58735F691CBA534100D34642 /* Build configuration list for PBXNativeTarget "Travel-Simulation-System I" */;
			buildPhases = (
				58735F5E1CBA534100D34642 /* Sources */,
				58735F5F1CBA534100D34642 /* Frameworks */,
				58735F601CBA534100D34642 /* CopyFiles */,
			);
			buildRules = (
			);
			dependencies = (
			);
			name = "Travel-Simulation-System I";
			productName = "Travel-Simulation-System";
			productReference = 58735F621CBA534100D34642 /* Travel-Simulation-System I */;
			productType = "com.apple.product-type.tool";
		};
/* End PBXNativeTarget section */

/* Begin PBXProject section */
		58735F5A1CBA534100D34642 /* Project object */ = {
			isa = PBXProject;
			attributes = {
				LastUpgradeCheck = 0730;
				ORGANIZATIONNAME = "Apart I, 404";
				TargetAttributes = {
					58735F611CBA534100D34642 = {
						CreatedOnToolsVersion = 7.3;
					};
				};
			};
			buildConfigurationList = 58735F5D1CBA534100D34642 /* Build configuration list for PBXProject "Travel-Simulation-System I" */;
			compatibilityVersion = "Xcode 3.2";
			developmentRegion = English;
			hasScannedForEncodings = 0;
			knownRegions = (
				en,
			);
			mainGroup = 58735F591CBA534100D34642;
			productRefGroup = 58735F631CBA534100D34642 /* Products */;
			projectDirPath = "";
			projectRoot = "";
			targets = (
				58735F611CBA534100D34642 /* Travel-Simulation-System I */,
			);
		};
/* End PBXProject section */

/* Begin PBXSourcesBuildPhase section */
		58735F5E1CBA534100D34642 /* Sources */ = {
			isa = PBXSourcesBuildPhase;
			buildActionMask = 2147483647;
			files = (
				5835F1391CC0D26A000D3B93 /* People.cpp in Sources */,
				582356FE1CC7784B00964B22 /* TimeTable.cpp in Sources */,
				58735F661CBA534100D34642 /* main.cpp in Sources */,
				58DB5B891CBA5A3F00DB005A /* TrafficNet.cpp in Sources */,
			);
			runOnlyForDeploymentPostprocessing = 0;
		};
/* End PBXSourcesBuildPhase section */

/* Begin XCBuildConfiguration section */
		58735F671CBA534100D34642 /* Debug */ = {
			isa = XCBuildConfiguration;
			buildSettings = {
				ALWAYS_SEARCH_USER_PATHS = NO;
				CLANG_ANALYZER_NONNULL = YES;
				CLANG_CXX_LANGUAGE_STANDARD = "gnu++0x";
				CLANG_CXX_LIBRARY = "libc++";
				CLANG_ENABLE_MODULES = YES;
				CLANG_ENABLE_OBJC_ARC = YES;
				CLANG_WARN_BOOL_CONVERSION = YES;
				CLANG_WARN_CONSTANT_CONVERSION = YES;
				CLANG_WARN_DIRECT_OBJC_ISA_USAGE = YES_ERROR;
				CLANG_WARN_EMPTY_BODY = YES;
				CLANG_WARN_ENUM_CONVERSION = YES;
				CLANG_WARN_INT_CONVERSION = YES;
				CLANG_WARN_OBJC_ROOT_CLASS = YES_ERROR;
				CLANG_WARN_UNREACHABLE_CODE = YES;
				CLANG_WARN__DUPLICATE_METHOD_MATCH = YES;
				CODE_SIGN_IDENTITY = "-";
				COPY_PHASE_STRIP = NO;
				DEBUG_INFORMATION_FORMAT = dwarf;
				ENABLE_STRICT_OBJC_MSGSEND = YES;
				ENABLE_TESTABILITY = YES;
				GCC_C_LANGUAGE_STANDARD = gnu99;
				GCC_DYNAMIC_NO_PIC = NO;
				GCC_NO_COMMON_BLOCKS = YES;
				GCC_OPTIMIZATION_LEVEL = 0;
				GCC_PREPROCESSOR_DEFINITIONS = (
					"DEBUG=1",
					"$(inherited)",
				);
				GCC_WARN_64_TO_32_BIT_CONVERSION = YES;
				GCC_WARN_ABOUT_RETURN_TYPE = YES_ERROR;
				GCC_WARN_UNDECLARED_SELECTOR = YES;
				GCC_WARN_UNINITIALIZED_AUTOS = YES_AGGRESSIVE;
				GCC_WARN_UNUSED_FUNCTION = YES;
				GCC_WARN_UNUSED_VARIABLE = YES;
				MACOSX_DEPLOYMENT_TARGET = 10.11;
				MTL_ENABLE_DEBUG_INFO = YES;
				ONLY_ACTIVE_ARCH = YES;
				SDKROOT = macosx;
			};
			name = Debug;
		};
		58735F681CBA534100D34642 /* Release */ = {
			isa = XCBuildConfiguration;
			buildSettings = {
				ALWAYS_SEARCH_USER_PATHS = NO;
				CLANG_ANALYZER_NONNULL = YES;
				CLANG_CXX_LANGUAGE_STANDARD = "gnu++0x";
				CLANG_CXX_LIBRARY = "libc++";
				CLANG_ENABLE_MODULES = YES;
				CLANG_ENABLE_OBJC_ARC = YES;
				CLANG_WARN_BOOL_CONVERSION = YES;
				CLANG_WARN_CONSTANT_CONVERSION = YES;
				CLANG_WARN_DIRECT_OBJC_ISA_USAGE = YES_ERROR;
				CLANG_WARN_EMPTY_BODY = YES;
				CLANG_WARN_ENUM_CONVERSION = YES;
				CLANG_WARN_INT_CONVERSION = YES;
				CLANG_WARN_OBJC_ROOT_CLASS = YES_ERROR;
				CLANG_WARN_UNREACHABLE_CODE = YES;
				CLANG_WARN__DUPLICATE_METHOD_MATCH = YES;
				CODE_SIGN_IDENTITY = "-";
				COPY_PHASE_STRIP = NO;
				DEBUG_INFORMATION_FORMAT = "dwarf-with-dsym";
				ENABLE_NS_ASSERTIONS = NO;
				ENABLE_STRICT_OBJC_MSGSEND = YES;
				GCC_C_LANGUAGE_STANDARD = gnu99;
				GCC_NO_COMMON_BLOCKS = YES;
				GCC_WARN_64_TO_32_BIT_CONVERSION = YES;
				GCC_WARN_ABOUT_RETURN_TYPE = YES_ERROR;
				GCC_WARN_UNDECLARED_SELECTOR = YES;
				GCC_WARN_UNINITIALIZED_AUTOS = YES_AGGRESSIVE;
				GCC_WARN_UNUSED_FUNCTION = YES;
				GCC_WARN_UNUSED_VARIABLE = YES;
				MACOSX_DEPLOYMENT_TARGET = 10.11;
				MTL_ENABLE_DEBUG_INFO = NO;
				SDKROOT = macosx;
			};
			name = Release;
		};
		58735F6A1CBA534100D34642 /* Debug */ = {
			isa = XCBuildConfiguration;
			buildSettings = {
				PRODUCT_NAME = "Travel-Simulation-System I";
			};
			name = Debug;
		};
		58735F6B1CBA534100D34642 /* Release */ = {
			isa = XCBuildConfiguration;
			buildSettings = {
				PRODUCT_NAME = "Travel-Simulation-System I";
			};
			name = Release;
		};
/* End XCBuildConfiguration section */

/* Begin XCConfigurationList section */
		58735F5D1CBA534100D34642 /* Build configuration list for PBXProject "Travel-Simulation-System I" */ = {
			isa = XCConfigurationList;
			buildConfigurations = (
				58735F671CBA534100D34642 /* Debug */,
				58735F681CBA534100D34642 /* Release */,
			);
			defaultConfigurationIsVisible = 0;
			defaultConfigurationName = Release;
		};
		58735F691CBA534100D34642 /* Build configuration list for PBXNativeTarget "Travel-Simulation-System I" */ = {
			isa = XCConfigurationList;
			buildConfigurations = (
				58735F6A1CBA534100D34642 /* Debug */,
				58735F6B1CBA534100D34642 /* Release */,
			);
			defaultConfigurationIsVisible = 0;
			defaultConfigurationName = Release;
		};
/* End XCConfigurationList section */
	};
	rootObject = 58735F5A1CBA534100D34642 /* Project object */;
}
